
Microsoft Visual Studio Solution File, Format Version 12.00
# Visual Studio Version 16
VisualStudioVersion = 16.0.28803.352
MinimumVisualStudioVersion = 10.0.40219.1
Project("{FAE04EC0-301F-11D3-BF4B-00C04F79EFBC}") = "Switch program", "Switch program\Switch program.csproj", "{0B551460-216B-462B-B4EC-1AF0C3CB4BB3}"
EndProject
Global
	GlobalSection(SolutionConfigurationPlatforms) = preSolution
		Debug|Any CPU = Debug|Any CPU
		Release|Any CPU = Release|Any CPU
	EndGlobalSection
	GlobalSection(ProjectConfigurationPlatforms) = postSolution
		{0B551460-216B-462B-B4EC-1AF0C3CB4BB3}.Debug|Any CPU.ActiveCfg = Debug|Any CPU
		{0B551460-216B-462B-B4EC-1AF0C3CB4BB3}.Debug|Any CPU.Build.0 = Debug|Any CPU
		{0B551460-216B-462B-B4EC-1AF0C3CB4BB3}.Release|Any CPU.ActiveCfg = Release|Any CPU
		{0B551460-216B-462B-B4EC-1AF0C3CB4BB3}.Release|Any CPU.Build.0 = Release|Any CPU
	EndGlobalSection
	GlobalSection(SolutionProperties) = preSolution
		HideSolutionNode = FALSE
	EndGlobalSection
	GlobalSection(ExtensibilityGlobals) = postSolution
		SolutionGuid = {ED320E2C-A785-47E4-89A1-85FAC5762C1E}
	EndGlobalSection
EndGlobal
